// !$*UTF8*$!
{
	archiveVersion = 1;
	classes = {
	};
	objectVersion = 50;
	objects = {

/* Begin PBXBuildFile section */
		820150922132C0FD006A4B80 /* Character.swift in Sources */ = {isa = PBXBuildFile; fileRef = 820150912132C0FD006A4B80 /* Character.swift */; };
		820150942132CC2B006A4B80 /* SmaugData.swift in Sources */ = {isa = PBXBuildFile; fileRef = 820150932132CC2B006A4B80 /* SmaugData.swift */; };
		8201509621332F7B006A4B80 /* RoomNode.swift in Sources */ = {isa = PBXBuildFile; fileRef = 8201509521332F7B006A4B80 /* RoomNode.swift */; };
		8201509821332FEA006A4B80 /* Mobile.swift in Sources */ = {isa = PBXBuildFile; fileRef = 8201509721332FEA006A4B80 /* Mobile.swift */; };
		8201509A21334097006A4B80 /* RoomViewController.swift in Sources */ = {isa = PBXBuildFile; fileRef = 8201509921334097006A4B80 /* RoomViewController.swift */; };
		820150A1213A8EEA006A4B80 /* Face.swift in Sources */ = {isa = PBXBuildFile; fileRef = 820150A0213A8EEA006A4B80 /* Face.swift */; };
		820150A5213B308C006A4B80 /* Magic.swift in Sources */ = {isa = PBXBuildFile; fileRef = 820150A4213B308C006A4B80 /* Magic.swift */; };
		820150A7213B3894006A4B80 /* HealthBar.swift in Sources */ = {isa = PBXBuildFile; fileRef = 820150A6213B3894006A4B80 /* HealthBar.swift */; };
		820150E8213D3C1C006A4B80 /* Doodle.swift in Sources */ = {isa = PBXBuildFile; fileRef = 820150E7213D3C1C006A4B80 /* Doodle.swift */; };
		822C323A221E9FDC00ECFA9E /* WawaViewViewController.swift in Sources */ = {isa = PBXBuildFile; fileRef = 822C3239221E9FDC00ECFA9E /* WawaViewViewController.swift */; };
		822C323C221EA0D000ECFA9E /* ScanLine.swift in Sources */ = {isa = PBXBuildFile; fileRef = 822C323B221EA0D000ECFA9E /* ScanLine.swift */; };
		823F4F04214CE26600A3573B /* Burst.swift in Sources */ = {isa = PBXBuildFile; fileRef = 823F4F03214CE26600A3573B /* Burst.swift */; };
		827C045421329228008998C0 /* AppDelegate.swift in Sources */ = {isa = PBXBuildFile; fileRef = 827C045321329228008998C0 /* AppDelegate.swift */; };
		827C045621329228008998C0 /* InitialViewController.swift in Sources */ = {isa = PBXBuildFile; fileRef = 827C045521329228008998C0 /* InitialViewController.swift */; };
		827C045921329228008998C0 /* Main.storyboard in Resources */ = {isa = PBXBuildFile; fileRef = 827C045721329228008998C0 /* Main.storyboard */; };
		827C045B2132922B008998C0 /* Assets.xcassets in Resources */ = {isa = PBXBuildFile; fileRef = 827C045A2132922B008998C0 /* Assets.xcassets */; };
		827C045E2132922B008998C0 /* LaunchScreen.storyboard in Resources */ = {isa = PBXBuildFile; fileRef = 827C045C2132922B008998C0 /* LaunchScreen.storyboard */; };
		827C04692132922C008998C0 /* TurnBasedRPGTests.swift in Sources */ = {isa = PBXBuildFile; fileRef = 827C04682132922C008998C0 /* TurnBasedRPGTests.swift */; };
		827C04742132922C008998C0 /* TurnBasedRPGUITests.swift in Sources */ = {isa = PBXBuildFile; fileRef = 827C04732132922C008998C0 /* TurnBasedRPGUITests.swift */; };
		827C04822132928A008998C0 /* PopUp.swift in Sources */ = {isa = PBXBuildFile; fileRef = 827C04812132928A008998C0 /* PopUp.swift */; };
		827C0484213292B7008998C0 /* UIButtonGUI.swift in Sources */ = {isa = PBXBuildFile; fileRef = 827C0483213292B7008998C0 /* UIButtonGUI.swift */; };
		82D72A2B216060C60081709D /* BattleViewController.swift in Sources */ = {isa = PBXBuildFile; fileRef = 82D72A2A216060C60081709D /* BattleViewController.swift */; };
		82D72A2D2161FC9E0081709D /* AreaGenerator.swift in Sources */ = {isa = PBXBuildFile; fileRef = 82D72A2C2161FC9E0081709D /* AreaGenerator.swift */; };
		9607315523CECC270070A869 /* Equipment.swift in Sources */ = {isa = PBXBuildFile; fileRef = 9607315423CECC270070A869 /* Equipment.swift */; };
		965644E0231DDF6800403EA9 /* FaceView.swift in Sources */ = {isa = PBXBuildFile; fileRef = 965644DF231DDF6800403EA9 /* FaceView.swift */; };
		9672DE8A22E413FA0080984F /* RoomView.swift in Sources */ = {isa = PBXBuildFile; fileRef = 9672DE8922E413FA0080984F /* RoomView.swift */; };
		96799E8323E557CA0036E794 /* Model.xcdatamodeld in Sources */ = {isa = PBXBuildFile; fileRef = 96799E8123E557CA0036E794 /* Model.xcdatamodeld */; };
		9693FA3A2300DE0D00867915 /* Doodle.xib in Resources */ = {isa = PBXBuildFile; fileRef = 9693FA392300DE0D00867915 /* Doodle.xib */; };
		9693FA3C230A168700867915 /* BattleMenu.swift in Sources */ = {isa = PBXBuildFile; fileRef = 9693FA3B230A168700867915 /* BattleMenu.swift */; };
		9693FA3F230FAEF500867915 /* Eye.swift in Sources */ = {isa = PBXBuildFile; fileRef = 9693FA3E230FAEF500867915 /* Eye.swift */; };
		9693FA41230FB3B600867915 /* FaceViewController.swift in Sources */ = {isa = PBXBuildFile; fileRef = 9693FA40230FB3B600867915 /* FaceViewController.swift */; };
		96C75F7F24405D0E00150CDE /* LineTree.swift in Sources */ = {isa = PBXBuildFile; fileRef = 96C75F7E24405D0E00150CDE /* LineTree.swift */; };
		96CAA1402340A87F009C6A3B /* Mouth.swift in Sources */ = {isa = PBXBuildFile; fileRef = 96CAA13F2340A87F009C6A3B /* Mouth.swift */; };
		96CAA1422340C0DB009C6A3B /* SoundController.swift in Sources */ = {isa = PBXBuildFile; fileRef = 96CAA1412340C0DB009C6A3B /* SoundController.swift */; };
		96CAE7CA23D3073F0017019E /* InventoryTableViewController.swift in Sources */ = {isa = PBXBuildFile; fileRef = 96CAE7C923D3073F0017019E /* InventoryTableViewController.swift */; };
		96CAE7CC23D452250017019E /* GameDatabase.swift in Sources */ = {isa = PBXBuildFile; fileRef = 96CAE7CB23D452250017019E /* GameDatabase.swift */; };
		96CAE7CE23D455E00017019E /* CharacterSheetTableViewController.swift in Sources */ = {isa = PBXBuildFile; fileRef = 96CAE7CD23D455E00017019E /* CharacterSheetTableViewController.swift */; };
		F02B57A12B61B54B003B53B5 /* Application.swift in Sources */ = {isa = PBXBuildFile; fileRef = F02B57A02B61B54B003B53B5 /* Application.swift */; };
		F02B57A32B61FDA0003B53B5 /* NpcDialogViewController.swift in Sources */ = {isa = PBXBuildFile; fileRef = F02B57A22B61FDA0003B53B5 /* NpcDialogViewController.swift */; };
		F02B57A52B62482D003B53B5 /* NewGame.storyboard in Resources */ = {isa = PBXBuildFile; fileRef = F02B57A42B62482D003B53B5 /* NewGame.storyboard */; };
		F04F8AFD2B5DDA9900B3727F /* CreditsViewController.swift in Sources */ = {isa = PBXBuildFile; fileRef = F04F8AFC2B5DDA9900B3727F /* CreditsViewController.swift */; };
		F04F8AFF2B5F34CC00B3727F /* Defaults.swift in Sources */ = {isa = PBXBuildFile; fileRef = F04F8AFE2B5F34CC00B3727F /* Defaults.swift */; };
		F06AE1DE2B539F5E0058F215 /* MegaMillions.swift in Sources */ = {isa = PBXBuildFile; fileRef = F06AE1DD2B539F5E0058F215 /* MegaMillions.swift */; };
		F095352A2B74888E00AF5E2F /* Encounters.swift in Sources */ = {isa = PBXBuildFile; fileRef = F09535292B74888E00AF5E2F /* Encounters.swift */; };
		F09535322B8B170E00AF5E2F /* BattleController.swift in Sources */ = {isa = PBXBuildFile; fileRef = F09535312B8B170E00AF5E2F /* BattleController.swift */; };
		F09EC9A22C8686E2000B4814 /* Gradient.swift in Sources */ = {isa = PBXBuildFile; fileRef = F09EC9A12C8686E2000B4814 /* Gradient.swift */; };
		F0AE0CD52C55A494009B68FF /* Mobs.swift in Sources */ = {isa = PBXBuildFile; fileRef = F0AE0CD42C55A494009B68FF /* Mobs.swift */; };
		F0AE0CD72C6F012C009B68FF /* NewGame.swift in Sources */ = {isa = PBXBuildFile; fileRef = F0AE0CD62C6F012C009B68FF /* NewGame.swift */; };
		F0AE0CD92C86645D009B68FF /* ItemList.swift in Sources */ = {isa = PBXBuildFile; fileRef = F0AE0CD82C86645D009B68FF /* ItemList.swift */; };
		F0B090802B563EE0000ACCDC /* EnumeratedFile.swift in Sources */ = {isa = PBXBuildFile; fileRef = F0B0907F2B563EE0000ACCDC /* EnumeratedFile.swift */; };
		F0B090992B579BC6000ACCDC /* Haptics.swift in Sources */ = {isa = PBXBuildFile; fileRef = F0B090982B579BC6000ACCDC /* Haptics.swift */; };
		F0D0C8C22B5B9A0100D00B23 /* CommandMenu.swift in Sources */ = {isa = PBXBuildFile; fileRef = F0D0C8C12B5B9A0100D00B23 /* CommandMenu.swift */; };
		F0D0C8C42B5C754F00D00B23 /* Animations.swift in Sources */ = {isa = PBXBuildFile; fileRef = F0D0C8C32B5C754F00D00B23 /* Animations.swift */; };
/* End PBXBuildFile section */

/* Begin PBXContainerItemProxy section */
		827C04652132922C008998C0 /* PBXContainerItemProxy */ = {
			isa = PBXContainerItemProxy;
			containerPortal = 827C044821329228008998C0 /* Project object */;
			proxyType = 1;
			remoteGlobalIDString = 827C044F21329228008998C0;
			remoteInfo = TurnBasedRPG;
		};
		827C04702132922C008998C0 /* PBXContainerItemProxy */ = {
			isa = PBXContainerItemProxy;
			containerPortal = 827C044821329228008998C0 /* Project object */;
			proxyType = 1;
			remoteGlobalIDString = 827C044F21329228008998C0;
			remoteInfo = TurnBasedRPG;
		};
/* End PBXContainerItemProxy section */

/* Begin PBXFileReference section */
		820150912132C0FD006A4B80 /* Character.swift */ = {isa = PBXFileReference; lastKnownFileType = sourcecode.swift; path = Character.swift; sourceTree = "<group>"; };
		820150932132CC2B006A4B80 /* SmaugData.swift */ = {isa = PBXFileReference; lastKnownFileType = sourcecode.swift; path = SmaugData.swift; sourceTree = "<group>"; };
		8201509521332F7B006A4B80 /* RoomNode.swift */ = {isa = PBXFileReference; lastKnownFileType = sourcecode.swift; path = RoomNode.swift; sourceTree = "<group>"; };
		8201509721332FEA006A4B80 /* Mobile.swift */ = {isa = PBXFileReference; lastKnownFileType = sourcecode.swift; path = Mobile.swift; sourceTree = "<group>"; };
		8201509921334097006A4B80 /* RoomViewController.swift */ = {isa = PBXFileReference; lastKnownFileType = sourcecode.swift; path = RoomViewController.swift; sourceTree = "<group>"; };
		820150A0213A8EEA006A4B80 /* Face.swift */ = {isa = PBXFileReference; lastKnownFileType = sourcecode.swift; path = Face.swift; sourceTree = "<group>"; };
		820150A4213B308C006A4B80 /* Magic.swift */ = {isa = PBXFileReference; lastKnownFileType = sourcecode.swift; path = Magic.swift; sourceTree = "<group>"; };
		820150A6213B3894006A4B80 /* HealthBar.swift */ = {isa = PBXFileReference; lastKnownFileType = sourcecode.swift; path = HealthBar.swift; sourceTree = "<group>"; };
		820150E7213D3C1C006A4B80 /* Doodle.swift */ = {isa = PBXFileReference; lastKnownFileType = sourcecode.swift; path = Doodle.swift; sourceTree = "<group>"; };
		822C3239221E9FDC00ECFA9E /* WawaViewViewController.swift */ = {isa = PBXFileReference; lastKnownFileType = sourcecode.swift; path = WawaViewViewController.swift; sourceTree = "<group>"; };
		822C323B221EA0D000ECFA9E /* ScanLine.swift */ = {isa = PBXFileReference; lastKnownFileType = sourcecode.swift; path = ScanLine.swift; sourceTree = "<group>"; };
		823F4F03214CE26600A3573B /* Burst.swift */ = {isa = PBXFileReference; lastKnownFileType = sourcecode.swift; path = Burst.swift; sourceTree = "<group>"; };
		827C045021329228008998C0 /* TurnBasedRPG.app */ = {isa = PBXFileReference; explicitFileType = wrapper.application; includeInIndex = 0; path = TurnBasedRPG.app; sourceTree = BUILT_PRODUCTS_DIR; };
		827C045321329228008998C0 /* AppDelegate.swift */ = {isa = PBXFileReference; lastKnownFileType = sourcecode.swift; path = AppDelegate.swift; sourceTree = "<group>"; };
		827C045521329228008998C0 /* InitialViewController.swift */ = {isa = PBXFileReference; lastKnownFileType = sourcecode.swift; path = InitialViewController.swift; sourceTree = "<group>"; };
		827C045821329228008998C0 /* Base */ = {isa = PBXFileReference; lastKnownFileType = file.storyboard; name = Base; path = Base.lproj/Main.storyboard; sourceTree = "<group>"; };
		827C045A2132922B008998C0 /* Assets.xcassets */ = {isa = PBXFileReference; lastKnownFileType = folder.assetcatalog; path = Assets.xcassets; sourceTree = "<group>"; };
		827C045D2132922B008998C0 /* Base */ = {isa = PBXFileReference; lastKnownFileType = file.storyboard; name = Base; path = Base.lproj/LaunchScreen.storyboard; sourceTree = "<group>"; };
		827C045F2132922B008998C0 /* Info.plist */ = {isa = PBXFileReference; lastKnownFileType = text.plist.xml; path = Info.plist; sourceTree = "<group>"; };
		827C04642132922C008998C0 /* TurnBasedRPGTests.xctest */ = {isa = PBXFileReference; explicitFileType = wrapper.cfbundle; includeInIndex = 0; path = TurnBasedRPGTests.xctest; sourceTree = BUILT_PRODUCTS_DIR; };
		827C04682132922C008998C0 /* TurnBasedRPGTests.swift */ = {isa = PBXFileReference; lastKnownFileType = sourcecode.swift; path = TurnBasedRPGTests.swift; sourceTree = "<group>"; };
		827C046A2132922C008998C0 /* Info.plist */ = {isa = PBXFileReference; lastKnownFileType = text.plist.xml; path = Info.plist; sourceTree = "<group>"; };
		827C046F2132922C008998C0 /* TurnBasedRPGUITests.xctest */ = {isa = PBXFileReference; explicitFileType = wrapper.cfbundle; includeInIndex = 0; path = TurnBasedRPGUITests.xctest; sourceTree = BUILT_PRODUCTS_DIR; };
		827C04732132922C008998C0 /* TurnBasedRPGUITests.swift */ = {isa = PBXFileReference; lastKnownFileType = sourcecode.swift; path = TurnBasedRPGUITests.swift; sourceTree = "<group>"; };
		827C04752132922C008998C0 /* Info.plist */ = {isa = PBXFileReference; lastKnownFileType = text.plist.xml; path = Info.plist; sourceTree = "<group>"; };
		827C04812132928A008998C0 /* PopUp.swift */ = {isa = PBXFileReference; fileEncoding = 4; lastKnownFileType = sourcecode.swift; path = PopUp.swift; sourceTree = "<group>"; };
		827C0483213292B7008998C0 /* UIButtonGUI.swift */ = {isa = PBXFileReference; lastKnownFileType = sourcecode.swift; path = UIButtonGUI.swift; sourceTree = "<group>"; };
		82D72A2A216060C60081709D /* BattleViewController.swift */ = {isa = PBXFileReference; lastKnownFileType = sourcecode.swift; path = BattleViewController.swift; sourceTree = "<group>"; };
		82D72A2C2161FC9E0081709D /* AreaGenerator.swift */ = {isa = PBXFileReference; lastKnownFileType = sourcecode.swift; path = AreaGenerator.swift; sourceTree = "<group>"; };
		9607315423CECC270070A869 /* Equipment.swift */ = {isa = PBXFileReference; lastKnownFileType = sourcecode.swift; path = Equipment.swift; sourceTree = "<group>"; };
		963DFDE723E028EA00485974 /* Readme.md */ = {isa = PBXFileReference; lastKnownFileType = net.daringfireball.markdown; path = Readme.md; sourceTree = "<group>"; };
		965644DF231DDF6800403EA9 /* FaceView.swift */ = {isa = PBXFileReference; lastKnownFileType = sourcecode.swift; path = FaceView.swift; sourceTree = "<group>"; };
		9672DE8922E413FA0080984F /* RoomView.swift */ = {isa = PBXFileReference; lastKnownFileType = sourcecode.swift; path = RoomView.swift; sourceTree = "<group>"; };
		96799E8223E557CA0036E794 /* Model.xcdatamodel */ = {isa = PBXFileReference; lastKnownFileType = wrapper.xcdatamodel; path = Model.xcdatamodel; sourceTree = "<group>"; };
		9693FA392300DE0D00867915 /* Doodle.xib */ = {isa = PBXFileReference; fileEncoding = 4; lastKnownFileType = file.xib; path = Doodle.xib; sourceTree = "<group>"; };
		9693FA3B230A168700867915 /* BattleMenu.swift */ = {isa = PBXFileReference; lastKnownFileType = sourcecode.swift; path = BattleMenu.swift; sourceTree = "<group>"; };
		9693FA3E230FAEF500867915 /* Eye.swift */ = {isa = PBXFileReference; lastKnownFileType = sourcecode.swift; path = Eye.swift; sourceTree = "<group>"; };
		9693FA40230FB3B600867915 /* FaceViewController.swift */ = {isa = PBXFileReference; lastKnownFileType = sourcecode.swift; path = FaceViewController.swift; sourceTree = "<group>"; };
		96C75F7E24405D0E00150CDE /* LineTree.swift */ = {isa = PBXFileReference; lastKnownFileType = sourcecode.swift; path = LineTree.swift; sourceTree = "<group>"; };
		96CAA13F2340A87F009C6A3B /* Mouth.swift */ = {isa = PBXFileReference; lastKnownFileType = sourcecode.swift; path = Mouth.swift; sourceTree = "<group>"; };
		96CAA1412340C0DB009C6A3B /* SoundController.swift */ = {isa = PBXFileReference; lastKnownFileType = sourcecode.swift; path = SoundController.swift; sourceTree = "<group>"; };
		96CAE7C923D3073F0017019E /* InventoryTableViewController.swift */ = {isa = PBXFileReference; lastKnownFileType = sourcecode.swift; path = InventoryTableViewController.swift; sourceTree = "<group>"; };
		96CAE7CB23D452250017019E /* GameDatabase.swift */ = {isa = PBXFileReference; lastKnownFileType = sourcecode.swift; path = GameDatabase.swift; sourceTree = "<group>"; };
		96CAE7CD23D455E00017019E /* CharacterSheetTableViewController.swift */ = {isa = PBXFileReference; lastKnownFileType = sourcecode.swift; path = CharacterSheetTableViewController.swift; sourceTree = "<group>"; };
		F02B57A02B61B54B003B53B5 /* Application.swift */ = {isa = PBXFileReference; lastKnownFileType = sourcecode.swift; path = Application.swift; sourceTree = "<group>"; };
		F02B57A22B61FDA0003B53B5 /* NpcDialogViewController.swift */ = {isa = PBXFileReference; lastKnownFileType = sourcecode.swift; path = NpcDialogViewController.swift; sourceTree = "<group>"; };
		F02B57A42B62482D003B53B5 /* NewGame.storyboard */ = {isa = PBXFileReference; lastKnownFileType = file.storyboard; path = NewGame.storyboard; sourceTree = "<group>"; };
		F04F8AFC2B5DDA9900B3727F /* CreditsViewController.swift */ = {isa = PBXFileReference; lastKnownFileType = sourcecode.swift; path = CreditsViewController.swift; sourceTree = "<group>"; };
		F04F8AFE2B5F34CC00B3727F /* Defaults.swift */ = {isa = PBXFileReference; lastKnownFileType = sourcecode.swift; path = Defaults.swift; sourceTree = "<group>"; };
		F06AE1DD2B539F5E0058F215 /* MegaMillions.swift */ = {isa = PBXFileReference; lastKnownFileType = sourcecode.swift; path = MegaMillions.swift; sourceTree = "<group>"; };
		F09535292B74888E00AF5E2F /* Encounters.swift */ = {isa = PBXFileReference; lastKnownFileType = sourcecode.swift; path = Encounters.swift; sourceTree = "<group>"; };
		F09535312B8B170E00AF5E2F /* BattleController.swift */ = {isa = PBXFileReference; lastKnownFileType = sourcecode.swift; path = BattleController.swift; sourceTree = "<group>"; };
		F09EC9A12C8686E2000B4814 /* Gradient.swift */ = {isa = PBXFileReference; lastKnownFileType = sourcecode.swift; path = Gradient.swift; sourceTree = "<group>"; };
		F0AE0CD42C55A494009B68FF /* Mobs.swift */ = {isa = PBXFileReference; lastKnownFileType = sourcecode.swift; path = Mobs.swift; sourceTree = "<group>"; };
		F0AE0CD62C6F012C009B68FF /* NewGame.swift */ = {isa = PBXFileReference; lastKnownFileType = sourcecode.swift; path = NewGame.swift; sourceTree = "<group>"; };
		F0AE0CD82C86645D009B68FF /* ItemList.swift */ = {isa = PBXFileReference; lastKnownFileType = sourcecode.swift; path = ItemList.swift; sourceTree = "<group>"; };
		F0B0907F2B563EE0000ACCDC /* EnumeratedFile.swift */ = {isa = PBXFileReference; lastKnownFileType = sourcecode.swift; path = EnumeratedFile.swift; sourceTree = "<group>"; };
		F0B090982B579BC6000ACCDC /* Haptics.swift */ = {isa = PBXFileReference; lastKnownFileType = sourcecode.swift; path = Haptics.swift; sourceTree = "<group>"; };
		F0D0C8C12B5B9A0100D00B23 /* CommandMenu.swift */ = {isa = PBXFileReference; lastKnownFileType = sourcecode.swift; path = CommandMenu.swift; sourceTree = "<group>"; };
		F0D0C8C32B5C754F00D00B23 /* Animations.swift */ = {isa = PBXFileReference; lastKnownFileType = sourcecode.swift; path = Animations.swift; sourceTree = "<group>"; };
/* End PBXFileReference section */

/* Begin PBXFrameworksBuildPhase section */
		827C044D21329228008998C0 /* Frameworks */ = {
			isa = PBXFrameworksBuildPhase;
			buildActionMask = 2147483647;
			files = (
			);
			runOnlyForDeploymentPostprocessing = 0;
		};
		827C04612132922C008998C0 /* Frameworks */ = {
			isa = PBXFrameworksBuildPhase;
			buildActionMask = 2147483647;
			files = (
			);
			runOnlyForDeploymentPostprocessing = 0;
		};
		827C046C2132922C008998C0 /* Frameworks */ = {
			isa = PBXFrameworksBuildPhase;
			buildActionMask = 2147483647;
			files = (
			);
			runOnlyForDeploymentPostprocessing = 0;
		};
/* End PBXFrameworksBuildPhase section */

/* Begin PBXGroup section */
		8201509F213A8DF7006A4B80 /* Widgets */ = {
			isa = PBXGroup;
			children = (
				F02B57A72B637974003B53B5 /* Menus */,
				F02B57A62B637949003B53B5 /* Storyboard */,
				F09EC9A12C8686E2000B4814 /* Gradient.swift */,
			);
			path = Widgets;
			sourceTree = "<group>";
		};
		823F4F02214463FB00A3573B /* Doodles */ = {
			isa = PBXGroup;
			children = (
				820150A0213A8EEA006A4B80 /* Face.swift */,
				965644DF231DDF6800403EA9 /* FaceView.swift */,
				9693FA3E230FAEF500867915 /* Eye.swift */,
				96C75F7E24405D0E00150CDE /* LineTree.swift */,
				96CAA13F2340A87F009C6A3B /* Mouth.swift */,
				820150E7213D3C1C006A4B80 /* Doodle.swift */,
				823F4F03214CE26600A3573B /* Burst.swift */,
				9693FA392300DE0D00867915 /* Doodle.xib */,
				822C323B221EA0D000ECFA9E /* ScanLine.swift */,
			);
			path = Doodles;
			sourceTree = "<group>";
		};
		827C044721329228008998C0 = {
			isa = PBXGroup;
			children = (
				963DFDE723E028EA00485974 /* Readme.md */,
				827C045221329228008998C0 /* TurnBasedRPG */,
				827C04672132922C008998C0 /* TurnBasedRPGTests */,
				827C04722132922C008998C0 /* TurnBasedRPGUITests */,
				827C045121329228008998C0 /* Products */,
			);
			sourceTree = "<group>";
		};
		827C045121329228008998C0 /* Products */ = {
			isa = PBXGroup;
			children = (
				827C045021329228008998C0 /* TurnBasedRPG.app */,
				827C04642132922C008998C0 /* TurnBasedRPGTests.xctest */,
				827C046F2132922C008998C0 /* TurnBasedRPGUITests.xctest */,
			);
			name = Products;
			sourceTree = "<group>";
		};
		827C045221329228008998C0 /* TurnBasedRPG */ = {
			isa = PBXGroup;
			children = (
				96CAE7C823D301160017019E /* Character */,
				F0B0907E2B563EC0000ACCDC /* Enum */,
				963DFDE623DC182700485974 /* Room */,
				F04F8AFB2B5DD94D00B3727F /* Misc */,
				F04F8AFA2B5DD8F200B3727F /* MainViewControllers */,
				8201509F213A8DF7006A4B80 /* Widgets */,
				827C045F2132922B008998C0 /* Info.plist */,
				827C045A2132922B008998C0 /* Assets.xcassets */,
				827C045C2132922B008998C0 /* LaunchScreen.storyboard */,
				827C045321329228008998C0 /* AppDelegate.swift */,
				F02B57A02B61B54B003B53B5 /* Application.swift */,
				96CAE7CB23D452250017019E /* GameDatabase.swift */,
				F09535312B8B170E00AF5E2F /* BattleController.swift */,
				96CAA1412340C0DB009C6A3B /* SoundController.swift */,
				F0D0C8C32B5C754F00D00B23 /* Animations.swift */,
				F0B090982B579BC6000ACCDC /* Haptics.swift */,
				827C045721329228008998C0 /* Main.storyboard */,
				F02B57A42B62482D003B53B5 /* NewGame.storyboard */,
				96799E8123E557CA0036E794 /* Model.xcdatamodeld */,
			);
			path = TurnBasedRPG;
			sourceTree = "<group>";
		};
		827C04672132922C008998C0 /* TurnBasedRPGTests */ = {
			isa = PBXGroup;
			children = (
				827C04682132922C008998C0 /* TurnBasedRPGTests.swift */,
				827C046A2132922C008998C0 /* Info.plist */,
			);
			path = TurnBasedRPGTests;
			sourceTree = "<group>";
		};
		827C04722132922C008998C0 /* TurnBasedRPGUITests */ = {
			isa = PBXGroup;
			children = (
				827C04732132922C008998C0 /* TurnBasedRPGUITests.swift */,
				827C04752132922C008998C0 /* Info.plist */,
			);
			path = TurnBasedRPGUITests;
			sourceTree = "<group>";
		};
		963DFDE623DC182700485974 /* Room */ = {
			isa = PBXGroup;
			children = (
				9672DE8922E413FA0080984F /* RoomView.swift */,
				8201509521332F7B006A4B80 /* RoomNode.swift */,
				82D72A2C2161FC9E0081709D /* AreaGenerator.swift */,
			);
			path = Room;
			sourceTree = "<group>";
		};
		96CAE7C723D301030017019E /* Inventory */ = {
			isa = PBXGroup;
			children = (
				9607315423CECC270070A869 /* Equipment.swift */,
				F0AE0CD82C86645D009B68FF /* ItemList.swift */,
			);
			path = Inventory;
			sourceTree = "<group>";
		};
		96CAE7C823D301160017019E /* Character */ = {
			isa = PBXGroup;
			children = (
				820150A4213B308C006A4B80 /* Magic.swift */,
				8201509721332FEA006A4B80 /* Mobile.swift */,
				820150912132C0FD006A4B80 /* Character.swift */,
				96CAE7C723D301030017019E /* Inventory */,
			);
			path = Character;
			sourceTree = "<group>";
		};
		F02B57A62B637949003B53B5 /* Storyboard */ = {
			isa = PBXGroup;
			children = (
				827C0483213292B7008998C0 /* UIButtonGUI.swift */,
				820150A6213B3894006A4B80 /* HealthBar.swift */,
				F04F8AFE2B5F34CC00B3727F /* Defaults.swift */,
			);
			path = Storyboard;
			sourceTree = "<group>";
		};
		F02B57A72B637974003B53B5 /* Menus */ = {
			isa = PBXGroup;
			children = (
				F0D0C8C12B5B9A0100D00B23 /* CommandMenu.swift */,
				827C04812132928A008998C0 /* PopUp.swift */,
				9693FA3B230A168700867915 /* BattleMenu.swift */,
			);
			path = Menus;
			sourceTree = "<group>";
		};
		F04F8AFA2B5DD8F200B3727F /* MainViewControllers */ = {
			isa = PBXGroup;
			children = (
				827C045521329228008998C0 /* InitialViewController.swift */,
				F04F8AFC2B5DDA9900B3727F /* CreditsViewController.swift */,
				8201509921334097006A4B80 /* RoomViewController.swift */,
				96CAE7CD23D455E00017019E /* CharacterSheetTableViewController.swift */,
				96CAE7C923D3073F0017019E /* InventoryTableViewController.swift */,
				82D72A2A216060C60081709D /* BattleViewController.swift */,
				F02B57A22B61FDA0003B53B5 /* NpcDialogViewController.swift */,
			);
			path = MainViewControllers;
			sourceTree = "<group>";
		};
		F04F8AFB2B5DD94D00B3727F /* Misc */ = {
			isa = PBXGroup;
			children = (
				820150932132CC2B006A4B80 /* SmaugData.swift */,
				823F4F02214463FB00A3573B /* Doodles */,
				9693FA40230FB3B600867915 /* FaceViewController.swift */,
				F06AE1DD2B539F5E0058F215 /* MegaMillions.swift */,
				822C3239221E9FDC00ECFA9E /* WawaViewViewController.swift */,
			);
			path = Misc;
			sourceTree = "<group>";
		};
		F0B0907E2B563EC0000ACCDC /* Enum */ = {
			isa = PBXGroup;
			children = (
				F0B0907F2B563EE0000ACCDC /* EnumeratedFile.swift */,
				F09535292B74888E00AF5E2F /* Encounters.swift */,
				F0AE0CD62C6F012C009B68FF /* NewGame.swift */,
				F0AE0CD42C55A494009B68FF /* Mobs.swift */,
			);
			path = Enum;
			sourceTree = "<group>";
		};
/* End PBXGroup section */

/* Begin PBXNativeTarget section */
		827C044F21329228008998C0 /* TurnBasedRPG */ = {
			isa = PBXNativeTarget;
			buildConfigurationList = 827C04782132922C008998C0 /* Build configuration list for PBXNativeTarget "TurnBasedRPG" */;
			buildPhases = (
				827C044C21329228008998C0 /* Sources */,
				827C044D21329228008998C0 /* Frameworks */,
				827C044E21329228008998C0 /* Resources */,
			);
			buildRules = (
			);
			dependencies = (
			);
			name = TurnBasedRPG;
			productName = TurnBasedRPG;
			productReference = 827C045021329228008998C0 /* TurnBasedRPG.app */;
			productType = "com.apple.product-type.application";
		};
		827C04632132922C008998C0 /* TurnBasedRPGTests */ = {
			isa = PBXNativeTarget;
			buildConfigurationList = 827C047B2132922C008998C0 /* Build configuration list for PBXNativeTarget "TurnBasedRPGTests" */;
			buildPhases = (
				827C04602132922C008998C0 /* Sources */,
				827C04612132922C008998C0 /* Frameworks */,
				827C04622132922C008998C0 /* Resources */,
			);
			buildRules = (
			);
			dependencies = (
				827C04662132922C008998C0 /* PBXTargetDependency */,
			);
			name = TurnBasedRPGTests;
			productName = TurnBasedRPGTests;
			productReference = 827C04642132922C008998C0 /* TurnBasedRPGTests.xctest */;
			productType = "com.apple.product-type.bundle.unit-test";
		};
		827C046E2132922C008998C0 /* TurnBasedRPGUITests */ = {
			isa = PBXNativeTarget;
			buildConfigurationList = 827C047E2132922C008998C0 /* Build configuration list for PBXNativeTarget "TurnBasedRPGUITests" */;
			buildPhases = (
				827C046B2132922C008998C0 /* Sources */,
				827C046C2132922C008998C0 /* Frameworks */,
				827C046D2132922C008998C0 /* Resources */,
			);
			buildRules = (
			);
			dependencies = (
				827C04712132922C008998C0 /* PBXTargetDependency */,
			);
			name = TurnBasedRPGUITests;
			productName = TurnBasedRPGUITests;
			productReference = 827C046F2132922C008998C0 /* TurnBasedRPGUITests.xctest */;
			productType = "com.apple.product-type.bundle.ui-testing";
		};
/* End PBXNativeTarget section */

/* Begin PBXProject section */
		827C044821329228008998C0 /* Project object */ = {
			isa = PBXProject;
			attributes = {
				LastSwiftUpdateCheck = 0940;
				LastUpgradeCheck = 1420;
				ORGANIZATIONNAME = "Chris Phillips";
				TargetAttributes = {
					827C044F21329228008998C0 = {
						CreatedOnToolsVersion = 9.4.1;
						LastSwiftMigration = 1130;
					};
					827C04632132922C008998C0 = {
						CreatedOnToolsVersion = 9.4.1;
						LastSwiftMigration = 1130;
						TestTargetID = 827C044F21329228008998C0;
					};
					827C046E2132922C008998C0 = {
						CreatedOnToolsVersion = 9.4.1;
						LastSwiftMigration = 1130;
						TestTargetID = 827C044F21329228008998C0;
					};
				};
			};
			buildConfigurationList = 827C044B21329228008998C0 /* Build configuration list for PBXProject "TurnBasedRPG" */;
			compatibilityVersion = "Xcode 9.3";
			developmentRegion = en;
			hasScannedForEncodings = 0;
			knownRegions = (
				en,
				Base,
			);
			mainGroup = 827C044721329228008998C0;
			productRefGroup = 827C045121329228008998C0 /* Products */;
			projectDirPath = "";
			projectRoot = "";
			targets = (
				827C044F21329228008998C0 /* TurnBasedRPG */,
				827C04632132922C008998C0 /* TurnBasedRPGTests */,
				827C046E2132922C008998C0 /* TurnBasedRPGUITests */,
			);
		};
/* End PBXProject section */

/* Begin PBXResourcesBuildPhase section */
		827C044E21329228008998C0 /* Resources */ = {
			isa = PBXResourcesBuildPhase;
			buildActionMask = 2147483647;
			files = (
				827C045E2132922B008998C0 /* LaunchScreen.storyboard in Resources */,
				827C045B2132922B008998C0 /* Assets.xcassets in Resources */,
				9693FA3A2300DE0D00867915 /* Doodle.xib in Resources */,
				F02B57A52B62482D003B53B5 /* NewGame.storyboard in Resources */,
				827C045921329228008998C0 /* Main.storyboard in Resources */,
			);
			runOnlyForDeploymentPostprocessing = 0;
		};
		827C04622132922C008998C0 /* Resources */ = {
			isa = PBXResourcesBuildPhase;
			buildActionMask = 2147483647;
			files = (
			);
			runOnlyForDeploymentPostprocessing = 0;
		};
		827C046D2132922C008998C0 /* Resources */ = {
			isa = PBXResourcesBuildPhase;
			buildActionMask = 2147483647;
			files = (
			);
			runOnlyForDeploymentPostprocessing = 0;
		};
/* End PBXResourcesBuildPhase section */

/* Begin PBXSourcesBuildPhase section */
		827C044C21329228008998C0 /* Sources */ = {
			isa = PBXSourcesBuildPhase;
			buildActionMask = 2147483647;
			files = (
				82D72A2B216060C60081709D /* BattleViewController.swift in Sources */,
				8201509621332F7B006A4B80 /* RoomNode.swift in Sources */,
				827C045621329228008998C0 /* InitialViewController.swift in Sources */,
				820150E8213D3C1C006A4B80 /* Doodle.swift in Sources */,
				827C04822132928A008998C0 /* PopUp.swift in Sources */,
				F09535322B8B170E00AF5E2F /* BattleController.swift in Sources */,
				822C323C221EA0D000ECFA9E /* ScanLine.swift in Sources */,
				F09EC9A22C8686E2000B4814 /* Gradient.swift in Sources */,
				822C323A221E9FDC00ECFA9E /* WawaViewViewController.swift in Sources */,
				820150942132CC2B006A4B80 /* SmaugData.swift in Sources */,
				F02B57A32B61FDA0003B53B5 /* NpcDialogViewController.swift in Sources */,
				9607315523CECC270070A869 /* Equipment.swift in Sources */,
				F02B57A12B61B54B003B53B5 /* Application.swift in Sources */,
				96C75F7F24405D0E00150CDE /* LineTree.swift in Sources */,
				820150A7213B3894006A4B80 /* HealthBar.swift in Sources */,
				F0B090992B579BC6000ACCDC /* Haptics.swift in Sources */,
				F0B090802B563EE0000ACCDC /* EnumeratedFile.swift in Sources */,
				F0AE0CD92C86645D009B68FF /* ItemList.swift in Sources */,
				96CAE7CA23D3073F0017019E /* InventoryTableViewController.swift in Sources */,
				F0D0C8C22B5B9A0100D00B23 /* CommandMenu.swift in Sources */,
				96CAA1402340A87F009C6A3B /* Mouth.swift in Sources */,
				9693FA41230FB3B600867915 /* FaceViewController.swift in Sources */,
				820150922132C0FD006A4B80 /* Character.swift in Sources */,
				965644E0231DDF6800403EA9 /* FaceView.swift in Sources */,
				96CAE7CE23D455E00017019E /* CharacterSheetTableViewController.swift in Sources */,
				827C045421329228008998C0 /* AppDelegate.swift in Sources */,
				96799E8323E557CA0036E794 /* Model.xcdatamodeld in Sources */,
				F04F8AFD2B5DDA9900B3727F /* CreditsViewController.swift in Sources */,
				F04F8AFF2B5F34CC00B3727F /* Defaults.swift in Sources */,
				820150A5213B308C006A4B80 /* Magic.swift in Sources */,
				F0AE0CD72C6F012C009B68FF /* NewGame.swift in Sources */,
				96CAE7CC23D452250017019E /* GameDatabase.swift in Sources */,
				F095352A2B74888E00AF5E2F /* Encounters.swift in Sources */,
				F0AE0CD52C55A494009B68FF /* Mobs.swift in Sources */,
				823F4F04214CE26600A3573B /* Burst.swift in Sources */,
				8201509A21334097006A4B80 /* RoomViewController.swift in Sources */,
				82D72A2D2161FC9E0081709D /* AreaGenerator.swift in Sources */,
				827C0484213292B7008998C0 /* UIButtonGUI.swift in Sources */,
				9693FA3F230FAEF500867915 /* Eye.swift in Sources */,
				9672DE8A22E413FA0080984F /* RoomView.swift in Sources */,
				8201509821332FEA006A4B80 /* Mobile.swift in Sources */,
				96CAA1422340C0DB009C6A3B /* SoundController.swift in Sources */,
				9693FA3C230A168700867915 /* BattleMenu.swift in Sources */,
				820150A1213A8EEA006A4B80 /* Face.swift in Sources */,
				F0D0C8C42B5C754F00D00B23 /* Animations.swift in Sources */,
				F06AE1DE2B539F5E0058F215 /* MegaMillions.swift in Sources */,
			);
			runOnlyForDeploymentPostprocessing = 0;
		};
		827C04602132922C008998C0 /* Sources */ = {
			isa = PBXSourcesBuildPhase;
			buildActionMask = 2147483647;
			files = (
				827C04692132922C008998C0 /* TurnBasedRPGTests.swift in Sources */,
			);
			runOnlyForDeploymentPostprocessing = 0;
		};
		827C046B2132922C008998C0 /* Sources */ = {
			isa = PBXSourcesBuildPhase;
			buildActionMask = 2147483647;
			files = (
				827C04742132922C008998C0 /* TurnBasedRPGUITests.swift in Sources */,
			);
			runOnlyForDeploymentPostprocessing = 0;
		};
/* End PBXSourcesBuildPhase section */

/* Begin PBXTargetDependency section */
		827C04662132922C008998C0 /* PBXTargetDependency */ = {
			isa = PBXTargetDependency;
			target = 827C044F21329228008998C0 /* TurnBasedRPG */;
			targetProxy = 827C04652132922C008998C0 /* PBXContainerItemProxy */;
		};
		827C04712132922C008998C0 /* PBXTargetDependency */ = {
			isa = PBXTargetDependency;
			target = 827C044F21329228008998C0 /* TurnBasedRPG */;
			targetProxy = 827C04702132922C008998C0 /* PBXContainerItemProxy */;
		};
/* End PBXTargetDependency section */

/* Begin PBXVariantGroup section */
		827C045721329228008998C0 /* Main.storyboard */ = {
			isa = PBXVariantGroup;
			children = (
				827C045821329228008998C0 /* Base */,
			);
			name = Main.storyboard;
			sourceTree = "<group>";
		};
		827C045C2132922B008998C0 /* LaunchScreen.storyboard */ = {
			isa = PBXVariantGroup;
			children = (
				827C045D2132922B008998C0 /* Base */,
			);
			name = LaunchScreen.storyboard;
			sourceTree = "<group>";
		};
/* End PBXVariantGroup section */

/* Begin XCBuildConfiguration section */
		827C04762132922C008998C0 /* Debug */ = {
			isa = XCBuildConfiguration;
			buildSettings = {
				ALWAYS_SEARCH_USER_PATHS = NO;
				CLANG_ANALYZER_NONNULL = YES;
				CLANG_ANALYZER_NUMBER_OBJECT_CONVERSION = YES_AGGRESSIVE;
				CLANG_CXX_LANGUAGE_STANDARD = "gnu++14";
				CLANG_CXX_LIBRARY = "libc++";
				CLANG_ENABLE_MODULES = YES;
				CLANG_ENABLE_OBJC_ARC = YES;
				CLANG_ENABLE_OBJC_WEAK = YES;
				CLANG_WARN_BLOCK_CAPTURE_AUTORELEASING = YES;
				CLANG_WARN_BOOL_CONVERSION = YES;
				CLANG_WARN_COMMA = YES;
				CLANG_WARN_CONSTANT_CONVERSION = YES;
				CLANG_WARN_DEPRECATED_OBJC_IMPLEMENTATIONS = YES;
				CLANG_WARN_DIRECT_OBJC_ISA_USAGE = YES_ERROR;
				CLANG_WARN_DOCUMENTATION_COMMENTS = YES;
				CLANG_WARN_EMPTY_BODY = YES;
				CLANG_WARN_ENUM_CONVERSION = YES;
				CLANG_WARN_INFINITE_RECURSION = YES;
				CLANG_WARN_INT_CONVERSION = YES;
				CLANG_WARN_NON_LITERAL_NULL_CONVERSION = YES;
				CLANG_WARN_OBJC_IMPLICIT_RETAIN_SELF = YES;
				CLANG_WARN_OBJC_LITERAL_CONVERSION = YES;
				CLANG_WARN_OBJC_ROOT_CLASS = YES_ERROR;
				CLANG_WARN_QUOTED_INCLUDE_IN_FRAMEWORK_HEADER = YES;
				CLANG_WARN_RANGE_LOOP_ANALYSIS = YES;
				CLANG_WARN_STRICT_PROTOTYPES = YES;
				CLANG_WARN_SUSPICIOUS_MOVE = YES;
				CLANG_WARN_UNGUARDED_AVAILABILITY = YES_AGGRESSIVE;
				CLANG_WARN_UNREACHABLE_CODE = YES;
				CLANG_WARN__DUPLICATE_METHOD_MATCH = YES;
				CODE_SIGN_IDENTITY = "iPhone Developer";
				COPY_PHASE_STRIP = NO;
				DEBUG_INFORMATION_FORMAT = dwarf;
				ENABLE_STRICT_OBJC_MSGSEND = YES;
				ENABLE_TESTABILITY = YES;
				GCC_C_LANGUAGE_STANDARD = gnu11;
				GCC_DYNAMIC_NO_PIC = NO;
				GCC_NO_COMMON_BLOCKS = YES;
				GCC_OPTIMIZATION_LEVEL = 0;
				GCC_PREPROCESSOR_DEFINITIONS = (
					"DEBUG=1",
					"$(inherited)",
				);
				GCC_WARN_64_TO_32_BIT_CONVERSION = YES;
				GCC_WARN_ABOUT_RETURN_TYPE = YES_ERROR;
				GCC_WARN_UNDECLARED_SELECTOR = YES;
				GCC_WARN_UNINITIALIZED_AUTOS = YES_AGGRESSIVE;
				GCC_WARN_UNUSED_FUNCTION = YES;
				GCC_WARN_UNUSED_VARIABLE = YES;
				INFOPLIST_KEY_CFBundleDisplayName = Grymm;
				INFOPLIST_KEY_LSApplicationCategoryType = "public.app-category.adventure-games";
				INFOPLIST_KEY_NSHumanReadableCopyright = "Chris Phillips";
				IPHONEOS_DEPLOYMENT_TARGET = 14.4;
				MTL_ENABLE_DEBUG_INFO = YES;
				ONLY_ACTIVE_ARCH = YES;
				SDKROOT = iphoneos;
				SWIFT_ACTIVE_COMPILATION_CONDITIONS = DEBUG;
				SWIFT_OPTIMIZATION_LEVEL = "-Onone";
			};
			name = Debug;
		};
		827C04772132922C008998C0 /* Release */ = {
			isa = XCBuildConfiguration;
			buildSettings = {
				ALWAYS_SEARCH_USER_PATHS = NO;
				CLANG_ANALYZER_NONNULL = YES;
				CLANG_ANALYZER_NUMBER_OBJECT_CONVERSION = YES_AGGRESSIVE;
				CLANG_CXX_LANGUAGE_STANDARD = "gnu++14";
				CLANG_CXX_LIBRARY = "libc++";
				CLANG_ENABLE_MODULES = YES;
				CLANG_ENABLE_OBJC_ARC = YES;
				CLANG_ENABLE_OBJC_WEAK = YES;
				CLANG_WARN_BLOCK_CAPTURE_AUTORELEASING = YES;
				CLANG_WARN_BOOL_CONVERSION = YES;
				CLANG_WARN_COMMA = YES;
				CLANG_WARN_CONSTANT_CONVERSION = YES;
				CLANG_WARN_DEPRECATED_OBJC_IMPLEMENTATIONS = YES;
				CLANG_WARN_DIRECT_OBJC_ISA_USAGE = YES_ERROR;
				CLANG_WARN_DOCUMENTATION_COMMENTS = YES;
				CLANG_WARN_EMPTY_BODY = YES;
				CLANG_WARN_ENUM_CONVERSION = YES;
				CLANG_WARN_INFINITE_RECURSION = YES;
				CLANG_WARN_INT_CONVERSION = YES;
				CLANG_WARN_NON_LITERAL_NULL_CONVERSION = YES;
				CLANG_WARN_OBJC_IMPLICIT_RETAIN_SELF = YES;
				CLANG_WARN_OBJC_LITERAL_CONVERSION = YES;
				CLANG_WARN_OBJC_ROOT_CLASS = YES_ERROR;
				CLANG_WARN_QUOTED_INCLUDE_IN_FRAMEWORK_HEADER = YES;
				CLANG_WARN_RANGE_LOOP_ANALYSIS = YES;
				CLANG_WARN_STRICT_PROTOTYPES = YES;
				CLANG_WARN_SUSPICIOUS_MOVE = YES;
				CLANG_WARN_UNGUARDED_AVAILABILITY = YES_AGGRESSIVE;
				CLANG_WARN_UNREACHABLE_CODE = YES;
				CLANG_WARN__DUPLICATE_METHOD_MATCH = YES;
				CODE_SIGN_IDENTITY = "iPhone Developer";
				COPY_PHASE_STRIP = NO;
				DEBUG_INFORMATION_FORMAT = "dwarf-with-dsym";
				ENABLE_NS_ASSERTIONS = NO;
				ENABLE_STRICT_OBJC_MSGSEND = YES;
				GCC_C_LANGUAGE_STANDARD = gnu11;
				GCC_NO_COMMON_BLOCKS = YES;
				GCC_WARN_64_TO_32_BIT_CONVERSION = YES;
				GCC_WARN_ABOUT_RETURN_TYPE = YES_ERROR;
				GCC_WARN_UNDECLARED_SELECTOR = YES;
				GCC_WARN_UNINITIALIZED_AUTOS = YES_AGGRESSIVE;
				GCC_WARN_UNUSED_FUNCTION = YES;
				GCC_WARN_UNUSED_VARIABLE = YES;
				INFOPLIST_KEY_CFBundleDisplayName = Grymm;
				INFOPLIST_KEY_LSApplicationCategoryType = "public.app-category.adventure-games";
				INFOPLIST_KEY_NSHumanReadableCopyright = "Chris Phillips";
				IPHONEOS_DEPLOYMENT_TARGET = 14.4;
				MTL_ENABLE_DEBUG_INFO = NO;
				SDKROOT = iphoneos;
				SWIFT_COMPILATION_MODE = wholemodule;
				SWIFT_OPTIMIZATION_LEVEL = "-O";
				VALIDATE_PRODUCT = YES;
			};
			name = Release;
		};
		827C04792132922C008998C0 /* Debug */ = {
			isa = XCBuildConfiguration;
			buildSettings = {
				ASSETCATALOG_COMPILER_APPICON_NAME = AppIcon;
				CLANG_ENABLE_MODULES = YES;
				CODE_SIGN_STYLE = Automatic;
				CURRENT_PROJECT_VERSION = 15;
				DEVELOPMENT_ASSET_PATHS = "";
				DEVELOPMENT_TEAM = DSS7K8FN49;
				INFOPLIST_FILE = TurnBasedRPG/Info.plist;
				IPHONEOS_DEPLOYMENT_TARGET = 14.4;
				LD_RUNPATH_SEARCH_PATHS = (
					"$(inherited)",
					"@executable_path/Frameworks",
				);
				MARKETING_VERSION = 1.0.0;
				PRODUCT_BUNDLE_IDENTIFIER = com.grymm.SwiftRPG;
				PRODUCT_NAME = "$(TARGET_NAME)";
				SWIFT_INSTALL_OBJC_HEADER = NO;
				SWIFT_OBJC_BRIDGING_HEADER = "";
				SWIFT_OPTIMIZATION_LEVEL = "-Onone";
				SWIFT_PRECOMPILE_BRIDGING_HEADER = NO;
				SWIFT_VERSION = 5.0;
				TARGETED_DEVICE_FAMILY = "1,2";
			};
			name = Debug;
		};
		827C047A2132922C008998C0 /* Release */ = {
			isa = XCBuildConfiguration;
			buildSettings = {
				ASSETCATALOG_COMPILER_APPICON_NAME = AppIcon;
				CLANG_ENABLE_MODULES = YES;
				CODE_SIGN_STYLE = Automatic;
				CURRENT_PROJECT_VERSION = 15;
				DEVELOPMENT_ASSET_PATHS = "";
				DEVELOPMENT_TEAM = DSS7K8FN49;
				INFOPLIST_FILE = TurnBasedRPG/Info.plist;
				IPHONEOS_DEPLOYMENT_TARGET = 14.4;
				LD_RUNPATH_SEARCH_PATHS = (
					"$(inherited)",
					"@executable_path/Frameworks",
				);
				MARKETING_VERSION = 1.0.0;
				PRODUCT_BUNDLE_IDENTIFIER = com.grymm.SwiftRPG;
				PRODUCT_NAME = "$(TARGET_NAME)";
				SWIFT_INSTALL_OBJC_HEADER = NO;
				SWIFT_OBJC_BRIDGING_HEADER = "";
				SWIFT_PRECOMPILE_BRIDGING_HEADER = NO;
				SWIFT_VERSION = 5.0;
				TARGETED_DEVICE_FAMILY = "1,2";
			};
			name = Release;
		};
		827C047C2132922C008998C0 /* Debug */ = {
			isa = XCBuildConfiguration;
			buildSettings = {
				ALWAYS_EMBED_SWIFT_STANDARD_LIBRARIES = YES;
				BUNDLE_LOADER = "$(TEST_HOST)";
				CODE_SIGN_STYLE = Automatic;
				DEVELOPMENT_TEAM = QX79LNB56B;
				INFOPLIST_FILE = TurnBasedRPGTests/Info.plist;
				LD_RUNPATH_SEARCH_PATHS = (
					"$(inherited)",
					"@executable_path/Frameworks",
					"@loader_path/Frameworks",
				);
				PRODUCT_BUNDLE_IDENTIFIER = "Chris-Phillips.TurnBasedRPGTests";
				PRODUCT_NAME = "$(TARGET_NAME)";
				SWIFT_VERSION = 5.0;
				TARGETED_DEVICE_FAMILY = "1,2";
				TEST_HOST = "$(BUILT_PRODUCTS_DIR)/TurnBasedRPG.app/TurnBasedRPG";
			};
			name = Debug;
		};
		827C047D2132922C008998C0 /* Release */ = {
			isa = XCBuildConfiguration;
			buildSettings = {
				ALWAYS_EMBED_SWIFT_STANDARD_LIBRARIES = YES;
				BUNDLE_LOADER = "$(TEST_HOST)";
				CODE_SIGN_STYLE = Automatic;
				DEVELOPMENT_TEAM = QX79LNB56B;
				INFOPLIST_FILE = TurnBasedRPGTests/Info.plist;
				LD_RUNPATH_SEARCH_PATHS = (
					"$(inherited)",
					"@executable_path/Frameworks",
					"@loader_path/Frameworks",
				);
				PRODUCT_BUNDLE_IDENTIFIER = "Chris-Phillips.TurnBasedRPGTests";
				PRODUCT_NAME = "$(TARGET_NAME)";
				SWIFT_VERSION = 5.0;
				TARGETED_DEVICE_FAMILY = "1,2";
				TEST_HOST = "$(BUILT_PRODUCTS_DIR)/TurnBasedRPG.app/TurnBasedRPG";
			};
			name = Release;
		};
		827C047F2132922C008998C0 /* Debug */ = {
			isa = XCBuildConfiguration;
			buildSettings = {
				ALWAYS_EMBED_SWIFT_STANDARD_LIBRARIES = YES;
				CODE_SIGN_STYLE = Automatic;
				DEVELOPMENT_TEAM = QX79LNB56B;
				INFOPLIST_FILE = TurnBasedRPGUITests/Info.plist;
				LD_RUNPATH_SEARCH_PATHS = (
					"$(inherited)",
					"@executable_path/Frameworks",
					"@loader_path/Frameworks",
				);
				PRODUCT_BUNDLE_IDENTIFIER = "Chris-Phillips.TurnBasedRPGUITests";
				PRODUCT_NAME = "$(TARGET_NAME)";
				SWIFT_VERSION = 5.0;
				TARGETED_DEVICE_FAMILY = "1,2";
				TEST_TARGET_NAME = TurnBasedRPG;
			};
			name = Debug;
		};
		827C04802132922C008998C0 /* Release */ = {
			isa = XCBuildConfiguration;
			buildSettings = {
				ALWAYS_EMBED_SWIFT_STANDARD_LIBRARIES = YES;
				CODE_SIGN_STYLE = Automatic;
				DEVELOPMENT_TEAM = 8L898E2ZQE;
				INFOPLIST_FILE = TurnBasedRPGUITests/Info.plist;
				LD_RUNPATH_SEARCH_PATHS = (
					"$(inherited)",
					"@executable_path/Frameworks",
					"@loader_path/Frameworks",
				);
				PRODUCT_BUNDLE_IDENTIFIER = "Chris-Phillips.TurnBasedRPGUITests";
				PRODUCT_NAME = "$(TARGET_NAME)";
				SWIFT_VERSION = 5.0;
				TARGETED_DEVICE_FAMILY = "1,2";
				TEST_TARGET_NAME = TurnBasedRPG;
			};
			name = Release;
		};
/* End XCBuildConfiguration section */

/* Begin XCConfigurationList section */
		827C044B21329228008998C0 /* Build configuration list for PBXProject "TurnBasedRPG" */ = {
			isa = XCConfigurationList;
			buildConfigurations = (
				827C04762132922C008998C0 /* Debug */,
				827C04772132922C008998C0 /* Release */,
			);
			defaultConfigurationIsVisible = 0;
			defaultConfigurationName = Release;
		};
		827C04782132922C008998C0 /* Build configuration list for PBXNativeTarget "TurnBasedRPG" */ = {
			isa = XCConfigurationList;
			buildConfigurations = (
				827C04792132922C008998C0 /* Debug */,
				827C047A2132922C008998C0 /* Release */,
			);
			defaultConfigurationIsVisible = 0;
			defaultConfigurationName = Release;
		};
		827C047B2132922C008998C0 /* Build configuration list for PBXNativeTarget "TurnBasedRPGTests" */ = {
			isa = XCConfigurationList;
			buildConfigurations = (
				827C047C2132922C008998C0 /* Debug */,
				827C047D2132922C008998C0 /* Release */,
			);
			defaultConfigurationIsVisible = 0;
			defaultConfigurationName = Release;
		};
		827C047E2132922C008998C0 /* Build configuration list for PBXNativeTarget "TurnBasedRPGUITests" */ = {
			isa = XCConfigurationList;
			buildConfigurations = (
				827C047F2132922C008998C0 /* Debug */,
				827C04802132922C008998C0 /* Release */,
			);
			defaultConfigurationIsVisible = 0;
			defaultConfigurationName = Release;
		};
/* End XCConfigurationList section */

/* Begin XCVersionGroup section */
		96799E8123E557CA0036E794 /* Model.xcdatamodeld */ = {
			isa = XCVersionGroup;
			children = (
				96799E8223E557CA0036E794 /* Model.xcdatamodel */,
			);
			currentVersion = 96799E8223E557CA0036E794 /* Model.xcdatamodel */;
			path = Model.xcdatamodeld;
			sourceTree = "<group>";
			versionGroupType = wrapper.xcdatamodel;
		};
/* End XCVersionGroup section */
	};
	rootObject = 827C044821329228008998C0 /* Project object */;
}
